
Microsoft Visual Studio Solution File, Format Version 12.00
# Visual Studio Version 17
VisualStudioVersion = 17.0.32112.339
MinimumVisualStudioVersion = 10.0.40219.1
Project("{FAE04EC0-301F-11D3-BF4B-00C04F79EFBC}") = "XVV_1", "XVV_1\XVV_1.csproj", "{70255843-5D2D-4C1F-B90D-3C8CFAEF4C8E}"
EndProject
Global
	GlobalSection(SolutionConfigurationPlatforms) = preSolution
		Debug|Any CPU = Debug|Any CPU
		Release|Any CPU = Release|Any CPU
	EndGlobalSection
	GlobalSection(ProjectConfigurationPlatforms) = postSolution
		{70255843-5D2D-4C1F-B90D-3C8CFAEF4C8E}.Debug|Any CPU.ActiveCfg = Debug|Any CPU
		{70255843-5D2D-4C1F-B90D-3C8CFAEF4C8E}.Debug|Any CPU.Build.0 = Debug|Any CPU
		{70255843-5D2D-4C1F-B90D-3C8CFAEF4C8E}.Release|Any CPU.ActiveCfg = Release|Any CPU
		{70255843-5D2D-4C1F-B90D-3C8CFAEF4C8E}.Release|Any CPU.Build.0 = Release|Any CPU
	EndGlobalSection
	GlobalSection(SolutionProperties) = preSolution
		HideSolutionNode = FALSE
	EndGlobalSection
	GlobalSection(ExtensibilityGlobals) = postSolution
		SolutionGuid = {6FFD817E-2A2A-49EE-AAD2-A0B45A1F5979}
	EndGlobalSection
EndGlobal
